
Microsoft Visual Studio Solution File, Format Version 12.00
# Visual Studio Version 17
VisualStudioVersion = 17.3.32929.385
MinimumVisualStudioVersion = 10.0.40219.1
Project("{FAE04EC0-301F-11D3-BF4B-00C04F79EFBC}") = "HW3", "HW3\HW3.csproj", "{7F22CDC2-317A-49C2-9F93-D89F4CF97ECD}"
EndProject
Global
	GlobalSection(SolutionConfigurationPlatforms) = preSolution
		Debug|Any CPU = Debug|Any CPU
		Release|Any CPU = Release|Any CPU
	EndGlobalSection
	GlobalSection(ProjectConfigurationPlatforms) = postSolution
		{7F22CDC2-317A-49C2-9F93-D89F4CF97ECD}.Debug|Any CPU.ActiveCfg = Debug|Any CPU
		{7F22CDC2-317A-49C2-9F93-D89F4CF97ECD}.Debug|Any CPU.Build.0 = Debug|Any CPU
		{7F22CDC2-317A-49C2-9F93-D89F4CF97ECD}.Release|Any CPU.ActiveCfg = Release|Any CPU
		{7F22CDC2-317A-49C2-9F93-D89F4CF97ECD}.Release|Any CPU.Build.0 = Release|Any CPU
	EndGlobalSection
	GlobalSection(SolutionProperties) = preSolution
		HideSolutionNode = FALSE
	EndGlobalSection
	GlobalSection(ExtensibilityGlobals) = postSolution
		SolutionGuid = {7DA76A6F-DD2B-468E-9801-C347B0928AD1}
	EndGlobalSection
EndGlobal
